{
  "name": "career-ai",
  "version": "0.1.0",
  "lockfileVersion": 3,
  "requires": true,
  "packages": {
    "": {
      "name": "career-ai",
      "version": "0.1.0",
      "dependencies": {
        "@upstash/redis": "^1.39.0"
      }
    },
    "node_modules/@upstash/redis": {
      "version": "1.39.0",
      "resolved": "https://registry.npmjs.org/@upstash/redis/-/redis-1.39.0.tgz",
      "integrity": "sha512-VwkpYTdxSfjSulQS5h16NHtg/1UEheBfvez2AeGKinAujOoGXhXCcohQRzsQ/d2g/XzbjzTVGhG8Ds8uOI0Mxg==",
      "license": "MIT",
      "dependencies": {
        "uncrypto": "^0.1.3"
      }
    },
    "node_modules/uncrypto": {
      "version": "0.1.3",
      "resolved": "https://registry.npmjs.org/uncrypto/-/uncrypto-0.1.3.tgz",
      "integrity": "sha512-Ql87qFHB3s/De2ClA9e0gsnS6zXG27SkTiSJwjCc9MebbfapQfuPzumMIUMi38ezPZVNFcHI9sUIepeQfw8J8Q==",
      "license": "MIT"
    }
  }
}
